
Microsoft Visual Studio Solution File, Format Version 12.00
# Visual Studio Version 17
VisualStudioVersion = 17.3.32929.385
MinimumVisualStudioVersion = 10.0.40219.1
Project("{FAE04EC0-301F-11D3-BF4B-00C04F79EFBC}") = "TIENDA", "TIENDA\TIENDA.csproj", "{F65094F0-5DD2-45F8-BC8F-759B7F930C4C}"
EndProject
Global
	GlobalSection(SolutionConfigurationPlatforms) = preSolution
		Debug|Any CPU = Debug|Any CPU
		Release|Any CPU = Release|Any CPU
	EndGlobalSection
	GlobalSection(ProjectConfigurationPlatforms) = postSolution
		{F65094F0-5DD2-45F8-BC8F-759B7F930C4C}.Debug|Any CPU.ActiveCfg = Debug|Any CPU
		{F65094F0-5DD2-45F8-BC8F-759B7F930C4C}.Debug|Any CPU.Build.0 = Debug|Any CPU
		{F65094F0-5DD2-45F8-BC8F-759B7F930C4C}.Release|Any CPU.ActiveCfg = Release|Any CPU
		{F65094F0-5DD2-45F8-BC8F-759B7F930C4C}.Release|Any CPU.Build.0 = Release|Any CPU
	EndGlobalSection
	GlobalSection(SolutionProperties) = preSolution
		HideSolutionNode = FALSE
	EndGlobalSection
	GlobalSection(ExtensibilityGlobals) = postSolution
		SolutionGuid = {95FFF018-1FA2-4938-A828-8C50FB1D5AFE}
	EndGlobalSection
EndGlobal
